
Microsoft Visual Studio Solution File, Format Version 12.00
# Visual Studio Version 17
VisualStudioVersion = 17.8.34525.116
MinimumVisualStudioVersion = 10.0.40219.1
Project("{FAE04EC0-301F-11D3-BF4B-00C04F79EFBC}") = "Presentacion", "Presentacion\Presentacion.csproj", "{B82B330B-AD9E-40B2-BF37-276A09037054}"
EndProject
Project("{FAE04EC0-301F-11D3-BF4B-00C04F79EFBC}") = "Dominio", "Dominio\Dominio.csproj", "{E1AAA4C8-F149-447D-950E-E2E313D93A9C}"
EndProject
Project("{FAE04EC0-301F-11D3-BF4B-00C04F79EFBC}") = "Negocio", "Negocio\Negocio.csproj", "{D6711C51-13FA-436B-AA75-8E52EA0F77F1}"
EndProject
Global
	GlobalSection(SolutionConfigurationPlatforms) = preSolution
		Debug|Any CPU = Debug|Any CPU
		Release|Any CPU = Release|Any CPU
	EndGlobalSection
	GlobalSection(ProjectConfigurationPlatforms) = postSolution
		{B82B330B-AD9E-40B2-BF37-276A09037054}.Debug|Any CPU.ActiveCfg = Debug|Any CPU
		{B82B330B-AD9E-40B2-BF37-276A09037054}.Debug|Any CPU.Build.0 = Debug|Any CPU
		{B82B330B-AD9E-40B2-BF37-276A09037054}.Release|Any CPU.ActiveCfg = Release|Any CPU
		{B82B330B-AD9E-40B2-BF37-276A09037054}.Release|Any CPU.Build.0 = Release|Any CPU
		{E1AAA4C8-F149-447D-950E-E2E313D93A9C}.Debug|Any CPU.ActiveCfg = Debug|Any CPU
		{E1AAA4C8-F149-447D-950E-E2E313D93A9C}.Debug|Any CPU.Build.0 = Debug|Any CPU
		{E1AAA4C8-F149-447D-950E-E2E313D93A9C}.Release|Any CPU.ActiveCfg = Release|Any CPU
		{E1AAA4C8-F149-447D-950E-E2E313D93A9C}.Release|Any CPU.Build.0 = Release|Any CPU
		{D6711C51-13FA-436B-AA75-8E52EA0F77F1}.Debug|Any CPU.ActiveCfg = Debug|Any CPU
		{D6711C51-13FA-436B-AA75-8E52EA0F77F1}.Debug|Any CPU.Build.0 = Debug|Any CPU
		{D6711C51-13FA-436B-AA75-8E52EA0F77F1}.Release|Any CPU.ActiveCfg = Release|Any CPU
		{D6711C51-13FA-436B-AA75-8E52EA0F77F1}.Release|Any CPU.Build.0 = Release|Any CPU
	EndGlobalSection
	GlobalSection(SolutionProperties) = preSolution
		HideSolutionNode = FALSE
	EndGlobalSection
	GlobalSection(ExtensibilityGlobals) = postSolution
		SolutionGuid = {0BED4338-6760-4CC0-90B1-547389CC5509}
	EndGlobalSection
EndGlobal
